
Microsoft Visual Studio Solution File, Format Version 12.00
# Visual Studio Version 17
VisualStudioVersion = 17.3.32811.315
MinimumVisualStudioVersion = 10.0.40219.1
Project("{FAE04EC0-301F-11D3-BF4B-00C04F79EFBC}") = "TacTacToe_gr2", "TacTacToe_gr2\TacTacToe_gr2.csproj", "{B3E40509-E4A9-49CA-83B4-E1B550AD769A}"
EndProject
Global
	GlobalSection(SolutionConfigurationPlatforms) = preSolution
		Debug|Any CPU = Debug|Any CPU
		Release|Any CPU = Release|Any CPU
	EndGlobalSection
	GlobalSection(ProjectConfigurationPlatforms) = postSolution
		{B3E40509-E4A9-49CA-83B4-E1B550AD769A}.Debug|Any CPU.ActiveCfg = Debug|Any CPU
		{B3E40509-E4A9-49CA-83B4-E1B550AD769A}.Debug|Any CPU.Build.0 = Debug|Any CPU
		{B3E40509-E4A9-49CA-83B4-E1B550AD769A}.Release|Any CPU.ActiveCfg = Release|Any CPU
		{B3E40509-E4A9-49CA-83B4-E1B550AD769A}.Release|Any CPU.Build.0 = Release|Any CPU
	EndGlobalSection
	GlobalSection(SolutionProperties) = preSolution
		HideSolutionNode = FALSE
	EndGlobalSection
	GlobalSection(ExtensibilityGlobals) = postSolution
		SolutionGuid = {75777C15-5F46-4AA6-868F-C5E5B4DE2356}
	EndGlobalSection
EndGlobal
